
Microsoft Visual Studio Solution File, Format Version 12.00
# Visual Studio 2013
VisualStudioVersion = 12.0.21005.1
MinimumVisualStudioVersion = 10.0.40219.1
Project("{8BC9CEB8-8B4A-11D0-8D11-00A0C91BC942}") = "IntroToAlgorithm", "IntroToAlgorithm.vcxproj", "{94FA6F7C-EE94-49E0-9D2E-3325ACCB5E2A}"
EndProject
Project("{8BC9CEB8-8B4A-11D0-8D11-00A0C91BC942}") = "chapter_4", "..\chapter_4\chapter_4.vcxproj", "{28CB4713-CAF1-4A1A-A67C-B5AF06F7C1FB}"
EndProject
Project("{8BC9CEB8-8B4A-11D0-8D11-00A0C91BC942}") = "chapter_6", "..\chapter_6\chapter_6.vcxproj", "{AC170583-1E34-4C4F-893C-93177897B921}"
EndProject
Global
	GlobalSection(SolutionConfigurationPlatforms) = preSolution
		Debug|Win32 = Debug|Win32
		Release|Win32 = Release|Win32
	EndGlobalSection
	GlobalSection(ProjectConfigurationPlatforms) = postSolution
		{94FA6F7C-EE94-49E0-9D2E-3325ACCB5E2A}.Debug|Win32.ActiveCfg = Debug|Win32
		{94FA6F7C-EE94-49E0-9D2E-3325ACCB5E2A}.Release|Win32.ActiveCfg = Release|Win32
		{94FA6F7C-EE94-49E0-9D2E-3325ACCB5E2A}.Release|Win32.Build.0 = Release|Win32
		{28CB4713-CAF1-4A1A-A67C-B5AF06F7C1FB}.Debug|Win32.ActiveCfg = Debug|Win32
		{28CB4713-CAF1-4A1A-A67C-B5AF06F7C1FB}.Release|Win32.ActiveCfg = Release|Win32
		{28CB4713-CAF1-4A1A-A67C-B5AF06F7C1FB}.Release|Win32.Build.0 = Release|Win32
		{AC170583-1E34-4C4F-893C-93177897B921}.Debug|Win32.ActiveCfg = Debug|Win32
		{AC170583-1E34-4C4F-893C-93177897B921}.Debug|Win32.Build.0 = Debug|Win32
		{AC170583-1E34-4C4F-893C-93177897B921}.Release|Win32.ActiveCfg = Release|Win32
		{AC170583-1E34-4C4F-893C-93177897B921}.Release|Win32.Build.0 = Release|Win32
	EndGlobalSection
	GlobalSection(SolutionProperties) = preSolution
		HideSolutionNode = FALSE
	EndGlobalSection
EndGlobal
